
Microsoft Visual Studio Solution File, Format Version 12.00
# Visual Studio Version 17
VisualStudioVersion = 17.1.32228.430
MinimumVisualStudioVersion = 10.0.40219.1
Project("{FAE04EC0-301F-11D3-BF4B-00C04F79EFBC}") = "SendReservation", "SendReservation\SendReservation.csproj", "{8A9C2BA8-C81F-4B92-B47C-CEA7FC6C3F12}"
EndProject
Global
	GlobalSection(SolutionConfigurationPlatforms) = preSolution
		Debug|Any CPU = Debug|Any CPU
		Release|Any CPU = Release|Any CPU
	EndGlobalSection
	GlobalSection(ProjectConfigurationPlatforms) = postSolution
		{8A9C2BA8-C81F-4B92-B47C-CEA7FC6C3F12}.Debug|Any CPU.ActiveCfg = Debug|Any CPU
		{8A9C2BA8-C81F-4B92-B47C-CEA7FC6C3F12}.Debug|Any CPU.Build.0 = Debug|Any CPU
		{8A9C2BA8-C81F-4B92-B47C-CEA7FC6C3F12}.Release|Any CPU.ActiveCfg = Release|Any CPU
		{8A9C2BA8-C81F-4B92-B47C-CEA7FC6C3F12}.Release|Any CPU.Build.0 = Release|Any CPU
	EndGlobalSection
	GlobalSection(SolutionProperties) = preSolution
		HideSolutionNode = FALSE
	EndGlobalSection
	GlobalSection(ExtensibilityGlobals) = postSolution
		SolutionGuid = {688EFDD8-F170-4E5A-80B5-309AD14F59AC}
	EndGlobalSection
EndGlobal
