
Microsoft Visual Studio Solution File, Format Version 12.00
# Visual Studio Version 17
VisualStudioVersion = 17.1.32328.378
MinimumVisualStudioVersion = 10.0.40219.1
Project("{FAE04EC0-301F-11D3-BF4B-00C04F79EFBC}") = "confirmConsumer", "confirmConsumer\confirmConsumer.csproj", "{3432427F-821B-46A3-983B-615BD8112328}"
EndProject
Global
	GlobalSection(SolutionConfigurationPlatforms) = preSolution
		Debug|Any CPU = Debug|Any CPU
		Release|Any CPU = Release|Any CPU
	EndGlobalSection
	GlobalSection(ProjectConfigurationPlatforms) = postSolution
		{3432427F-821B-46A3-983B-615BD8112328}.Debug|Any CPU.ActiveCfg = Debug|Any CPU
		{3432427F-821B-46A3-983B-615BD8112328}.Debug|Any CPU.Build.0 = Debug|Any CPU
		{3432427F-821B-46A3-983B-615BD8112328}.Release|Any CPU.ActiveCfg = Release|Any CPU
		{3432427F-821B-46A3-983B-615BD8112328}.Release|Any CPU.Build.0 = Release|Any CPU
	EndGlobalSection
	GlobalSection(SolutionProperties) = preSolution
		HideSolutionNode = FALSE
	EndGlobalSection
	GlobalSection(ExtensibilityGlobals) = postSolution
		SolutionGuid = {F8B27CB6-39E7-4996-AFB2-2D1590F60703}
	EndGlobalSection
EndGlobal
